
Microsoft Visual Studio Solution File, Format Version 12.00
# Visual Studio Version 16
VisualStudioVersion = 16.0.30204.135
MinimumVisualStudioVersion = 10.0.40219.1
Project("{FAE04EC0-301F-11D3-BF4B-00C04F79EFBC}") = "httpRequest_cSharp", "httpRequest_cSharp.csproj", "{EB1C44BC-D0C0-4F4C-B38D-1E8F42F25894}"
EndProject
Global
	GlobalSection(SolutionConfigurationPlatforms) = preSolution
		Debug|Any CPU = Debug|Any CPU
		Release|Any CPU = Release|Any CPU
	EndGlobalSection
	GlobalSection(ProjectConfigurationPlatforms) = postSolution
		{EB1C44BC-D0C0-4F4C-B38D-1E8F42F25894}.Debug|Any CPU.ActiveCfg = Debug|Any CPU
		{EB1C44BC-D0C0-4F4C-B38D-1E8F42F25894}.Debug|Any CPU.Build.0 = Debug|Any CPU
		{EB1C44BC-D0C0-4F4C-B38D-1E8F42F25894}.Release|Any CPU.ActiveCfg = Release|Any CPU
		{EB1C44BC-D0C0-4F4C-B38D-1E8F42F25894}.Release|Any CPU.Build.0 = Release|Any CPU
	EndGlobalSection
	GlobalSection(SolutionProperties) = preSolution
		HideSolutionNode = FALSE
	EndGlobalSection
	GlobalSection(ExtensibilityGlobals) = postSolution
		SolutionGuid = {50467FD8-3676-4A45-8640-9641DC52CCC7}
	EndGlobalSection
EndGlobal
